
Microsoft Visual Studio Solution File, Format Version 12.00
# Visual Studio 15
Project("{FAE04EC0-301F-11D3-BF4B-00C04F79EFBC}") = "Assembly-CSharp", "Assembly-CSharp.csproj", "{E445C7D6-2240-A58B-FA18-D94116D073E9}"
EndProject
Project("{FAE04EC0-301F-11D3-BF4B-00C04F79EFBC}") = "Assembly-CSharp-Editor", "Assembly-CSharp-Editor.csproj", "{AF266C55-AD9A-3C3D-2B30-37211F8029F6}"
EndProject
Global
	GlobalSection(SolutionConfigurationPlatforms) = preSolution
		Debug|Any CPU = Debug|Any CPU
		Release|Any CPU = Release|Any CPU
	EndGlobalSection
	GlobalSection(ProjectConfigurationPlatforms) = postSolution
		{E445C7D6-2240-A58B-FA18-D94116D073E9}.Debug|Any CPU.ActiveCfg = Debug|Any CPU
		{E445C7D6-2240-A58B-FA18-D94116D073E9}.Debug|Any CPU.Build.0 = Debug|Any CPU
		{E445C7D6-2240-A58B-FA18-D94116D073E9}.Release|Any CPU.ActiveCfg = Release|Any CPU
		{E445C7D6-2240-A58B-FA18-D94116D073E9}.Release|Any CPU.Build.0 = Release|Any CPU
		{AF266C55-AD9A-3C3D-2B30-37211F8029F6}.Debug|Any CPU.ActiveCfg = Debug|Any CPU
		{AF266C55-AD9A-3C3D-2B30-37211F8029F6}.Debug|Any CPU.Build.0 = Debug|Any CPU
		{AF266C55-AD9A-3C3D-2B30-37211F8029F6}.Release|Any CPU.ActiveCfg = Release|Any CPU
		{AF266C55-AD9A-3C3D-2B30-37211F8029F6}.Release|Any CPU.Build.0 = Release|Any CPU
	EndGlobalSection
	GlobalSection(SolutionProperties) = preSolution
		HideSolutionNode = FALSE
	EndGlobalSection
EndGlobal
